{
  "lockfileVersion": 2,
  "configVersion": 1,
  "workspaces": {
    "": {
      "name": "nxgt-http",
      "devDependencies": {
        "@biomejs/biome": "^2.5.9",
        "@changesets/changelog-github": "^1.0.1",
        "@changesets/cli": "^3.0.1",
        "@types/bun": "^1.4.0",
        "typescript": "~6.0.3",
      },
    },
    "packages/datasource-rest": {
      "name": "@nxgt/datasource-rest",
      "version": "2.0.0",
      "devDependencies": {
        "@nxgt/httpyz": "workspace:^",
        "@nxgt/openapi-codegen": "workspace:^",
        "@nxgt/openapi-httpyz": "workspace:^",
        "@types/bun": "^1.4.0",
        "zod": "^4.5.4",
      },
      "peerDependencies": {
        "@nxgt/httpyz": "workspace:^",
        "@nxgt/openapi-httpyz": "workspace:^",
        "typescript": "^6.0.3",
      },
    },
    "packages/httpyz": {
      "name": "@nxgt/httpyz",
      "version": "0.1.0",
      "devDependencies": {
        "@types/bun": "^1.4.0",
        "hono": "^4.13.4",
        "zod": "^4.5.4",
      },
      "peerDependencies": {
        "typescript": "^6.0.3",
      },
    },
    "packages/httpyz-query": {
      "name": "@nxgt/httpyz-query",
      "version": "0.1.0",
      "devDependencies": {
        "@nxgt/httpyz": "workspace:^",
        "@nxgt/openapi-codegen": "workspace:^",
        "@nxgt/openapi-httpyz": "workspace:^",
        "@tanstack/query-core": "^5.102.8",
        "@types/bun": "^1.4.0",
        "zod": "^4.5.4",
      },
      "peerDependencies": {
        "@nxgt/httpyz": "workspace:^",
        "@nxgt/openapi-httpyz": "workspace:^",
        "@tanstack/query-core": "^5.90.0",
        "typescript": "^6.0.3",
      },
      "optionalPeers": [
        "@nxgt/openapi-httpyz",
      ],
    },
    "packages/openapi-codegen": {
      "name": "@nxgt/openapi-codegen",
      "version": "0.2.0",
      "bin": {
        "nxgt-openapi": "./dist/cli.js",
      },
      "devDependencies": {
        "@redocly/openapi-core": "^2.52.1",
        "@types/bun": "^1.4.0",
        "hono": "^4.13.4",
        "openapi-fetch": "^0.17.0",
        "zod": "^4.5.4",
      },
      "peerDependencies": {
        "@redocly/openapi-core": "^2.52.1",
        "typescript": "^6.0.3",
        "zod": "^4.5.4",
      },
      "optionalPeers": [
        "@redocly/openapi-core",
      ],
    },
    "packages/openapi-hono": {
      "name": "@nxgt/openapi-hono",
      "version": "0.1.0",
      "devDependencies": {
        "@nxgt/httpyz": "workspace:^",
        "@nxgt/openapi-codegen": "workspace:^",
        "@types/bun": "^1.4.0",
        "hono": "^4.13.4",
        "zod": "^4.5.4",
      },
      "peerDependencies": {
        "hono": "^4.13.4",
        "typescript": "^6.0.3",
      },
    },
    "packages/openapi-httpyz": {
      "name": "@nxgt/openapi-httpyz",
      "version": "0.1.0",
      "devDependencies": {
        "@nxgt/httpyz": "workspace:^",
        "@nxgt/openapi-codegen": "workspace:^",
        "@nxgt/openapi-hono": "workspace:^",
        "@types/bun": "^1.4.0",
        "hono": "^4.13.4",
        "zod": "^4.5.4",
      },
      "peerDependencies": {
        "@nxgt/httpyz": "workspace:^",
        "typescript": "^6.0.3",
      },
    },
  },
  "overrides": {
    "typescript": "~6.0.3",
  },
  "packages": {
    "@babel/runtime": ["@babel/runtime@7.29.7", "", {}, "sha512-Nq8OhGWiZIZGV6hLHoyAKLLcJihP/xFeBMGJoUrxTX2psI8dCifzLhZISFb+VWS3wFMRDmCGw5R+dOySCqPLhw=="],

    "@biomejs/biome": ["@biomejs/biome@2.5.13", "", { "optionalDependencies": { "@biomejs/cli-darwin-arm64": "2.5.13", "@biomejs/cli-darwin-x64": "2.5.13", "@biomejs/cli-linux-arm64": "2.5.13", "@biomejs/cli-linux-arm64-musl": "2.5.13", "@biomejs/cli-linux-x64": "2.5.13", "@biomejs/cli-linux-x64-musl": "2.5.13", "@biomejs/cli-win32-arm64": "2.5.13", "@biomejs/cli-win32-x64": "2.5.13" }, "bin": { "biome": "bin/biome" } }, "sha512-+SEC/mFk1a+5mvUANZgbZTaiZXs1nj4iMhL/PHiqDT5TPUEPFIlliEtkKKZB4N862yylHC3UI+/Sj2I0HJEqhA=="],

    "@biomejs/cli-darwin-arm64": ["@biomejs/cli-darwin-arm64@2.5.13", "", { "os": "darwin", "cpu": "arm64" }, "sha512-nYSuDJ6zgVqZUkAkJkvhXxsF2PYIrUk/g638K4voCXz7foI9f7b6C2/7+oAihsHQlivZNMUrm/y8ywlcHQtZOw=="],

    "@biomejs/cli-darwin-x64": ["@biomejs/cli-darwin-x64@2.5.13", "", { "os": "darwin", "cpu": "x64" }, "sha512-KVy1ceEDuJ3AzFxjT9kkxbVy+UANw1pjEMUS6lvKfxjJ+fmkRvc7sQn1Xo6ETgseEI7wUQoV03KSga3XfE8YRQ=="],

    "@biomejs/cli-linux-arm64": ["@biomejs/cli-linux-arm64@2.5.13", "", { "os": "linux", "cpu": "arm64" }, "sha512-VlNMtoxOqs0dUR6drxxHr18SNUvI7xxAuHZlH4s/dstYSf3g6RaqVgo8JRnhcOhKz9afWrvtJTboNG1JuYlIDQ=="],

    "@biomejs/cli-linux-arm64-musl": ["@biomejs/cli-linux-arm64-musl@2.5.13", "", { "os": "linux", "cpu": "arm64" }, "sha512-CH32xpep3dNS5EVJpAHlYchkBYznxyVZQrx0b6YYYlPL9u9ZeD2NtqiK/6s64+HFS2a7hGnryLlqqZAOh8ax5g=="],

    "@biomejs/cli-linux-x64": ["@biomejs/cli-linux-x64@2.5.13", "", { "os": "linux", "cpu": "x64" }, "sha512-Fi6gIxbUaJ3ZCIXeG3ggIBPF76O2DjDN67WrPX/ODRv54GeXPm2gbEPC96Yb0yrJoiH0Eax1JLx1Pi0XbsNFZQ=="],

    "@biomejs/cli-linux-x64-musl": ["@biomejs/cli-linux-x64-musl@2.5.13", "", { "os": "linux", "cpu": "x64" }, "sha512-F3pmwl+VHoUuVJN/tbNLKeLt0SVK3EIyN1jXlMcNyQGYRQQTVqXF+GgkP0/CjGXFN87e/mv0sBfUnWqWza5PKQ=="],

    "@biomejs/cli-win32-arm64": ["@biomejs/cli-win32-arm64@2.5.13", "", { "os": "win32", "cpu": "arm64" }, "sha512-+WD13qshXrr0Icv4BfsAdzm8Fs3TL+nZ59zEQxsYNd8lcgZJ0A5+OrlwsL1PipVCmWeRpxgIPD6DAcEd7smkCQ=="],

    "@biomejs/cli-win32-x64": ["@biomejs/cli-win32-x64@2.5.13", "", { "os": "win32", "cpu": "x64" }, "sha512-VOofU/nW761XWzUeUNE8zzYNyPrxuMuNFMizL0qz7J75yeV8N7WFheUlk1/K6dOkaFpH9wJ+lDKlwjAbw0346w=="],

    "@changesets/apply-release-plan": ["@changesets/apply-release-plan@8.1.0", "", { "dependencies": { "@changesets/config": "^4.0.0", "@changesets/format": "^0.1.2", "@changesets/git": "^4.0.1", "@changesets/should-skip-package": "^1.0.0", "@changesets/types": "^7.0.0", "import-meta-resolve": "^4.2.0", "jsonc-parser": "^3.3.1", "semver": "^7.8.1" } }, "sha512-M93HOGyX3ssg6He3b5NotaHtQVu6uajHS6UIQ28xKt2RzskCy73ayX4I914qBKjTJmrE4YFlELQjfcqxbmGLJw=="],

    "@changesets/assemble-release-plan": ["@changesets/assemble-release-plan@7.0.0", "", { "dependencies": { "@changesets/errors": "^1.0.0", "@changesets/get-dependents-graph": "^3.0.0", "@changesets/should-skip-package": "^1.0.0", "@changesets/types": "^7.0.0", "semver": "^7.8.1" } }, "sha512-oEW8BxdA604kGGtDSCiHr5w9Tv4UWe9I2k61IBNZzCOE1kbYaJj4v+lFQNgcEZFkUc2pV/+hASErGDvpJOZCTg=="],

    "@changesets/changelog-git": ["@changesets/changelog-git@1.0.0", "", { "dependencies": { "@changesets/types": "^7.0.0" } }, "sha512-3Dst2Ime2Op5nd4XmWJLPIgp11ZFqJqSkVug9izK6TDcIV4YlhPS4ECbEVR+eGI0bk0r1ItogD4j2Oli87bJrA=="],

    "@changesets/changelog-github": ["@changesets/changelog-github@1.0.1", "", { "dependencies": { "@changesets/get-github-info": "^1.0.1", "@changesets/types": "^7.0.0" } }, "sha512-QUcrV7878yHlWPXXPA6gqSxNKwtVHCd1K22L7ZAoJw2yGy8K4QvjwOStD75+1Q9KD9ZSUgGS94HuYdd7HOVtpA=="],

    "@changesets/cli": ["@changesets/cli@3.0.2", "", { "dependencies": { "@changesets/apply-release-plan": "^8.1.0", "@changesets/assemble-release-plan": "^7.0.0", "@changesets/changelog-git": "^1.0.0", "@changesets/config": "^4.0.0", "@changesets/errors": "^1.0.0", "@changesets/get-dependents-graph": "^3.0.0", "@changesets/git": "^4.0.1", "@changesets/pre": "^3.0.0", "@changesets/read": "^1.0.1", "@changesets/should-skip-package": "^1.0.0", "@changesets/types": "^7.0.0", "@changesets/write": "^1.0.1", "@clack/prompts": "^1.7.0", "@manypkg/get-packages": "^3.1.0", "@pnpm/deps.graph-sequencer": "^1100.0.1", "cac": "^7.0.0", "import-meta-resolve": "^4.2.0", "launch-editor": "^2.14.1", "package-manager-detector": "^1.6.0", "semver": "^7.8.1", "tinyexec": "^1.3.0" }, "bin": { "changeset": "bin.js" } }, "sha512-t/omGJj/I+Jv0kmJAkj5cstYEdUQiJnpip2F+2m3F4lQ3kAZ3o8Exep4/Fm1qq4rvw6ovlhJvZNrKdwLJ4lkuQ=="],

    "@changesets/config": ["@changesets/config@4.0.0", "", { "dependencies": { "@changesets/get-dependents-graph": "^3.0.0", "@changesets/should-skip-package": "^1.0.0", "@changesets/types": "^7.0.0", "@manypkg/get-packages": "^3.1.0", "picomatch": "^4.0.4" } }, "sha512-mw95/YrkOuhZZxfnVAA4bSXOFUi+KlhzOBTM8C4x777NhUU6HWIl9Z+K+nME+E4PVsv5NQVQwTfiHihAS1A/ow=="],

    "@changesets/errors": ["@changesets/errors@1.0.0", "", {}, "sha512-ElN/mEzn6zmETgjwf5MclCMa9ef59sAR0lfO8VSYIsiRvbC2FbLB/92EoYw10Sl0kGixxHFiJZUSv7dA+YpR8g=="],

    "@changesets/format": ["@changesets/format@0.1.2", "", { "dependencies": { "package-manager-detector": "^1.8.0", "tinyexec": "^1.3.0" } }, "sha512-Caez5XtNXCFS/G5bwyav3wuXL0tMxVd2ZGbaumWbzN08tyzO21asCw7JZhNtVsAZDCvDRUzZN+Iit9SyRITSYA=="],

    "@changesets/get-dependents-graph": ["@changesets/get-dependents-graph@3.0.0", "", { "dependencies": { "@changesets/types": "^7.0.0", "semver": "^7.8.1" } }, "sha512-ji/t5wFA1zREKXRUePE6Qi+Qu2UgxCeSSGQrphezwvQZrp49B7sJ+8+wvM0tA7zPeSxYKCojDy3WWgrl+s+awg=="],

    "@changesets/get-github-info": ["@changesets/get-github-info@1.0.1", "", { "dependencies": { "dataloader": "^2.2.3" } }, "sha512-ifLQCky/ZtDgZ4xCiUMjnLZSJ8xk52iIzMJbBBPlZWjr2CiTNTaTDddIVWKicrUAdWuLWL7PUw2fNa1yPwLpIg=="],

    "@changesets/git": ["@changesets/git@4.0.1", "", { "dependencies": { "@changesets/errors": "^1.0.0", "@changesets/types": "^7.0.0", "@manypkg/get-packages": "^3.1.0", "picomatch": "^4.0.4", "tinyexec": "^1.3.0" } }, "sha512-6vWpIAC4LkpmlqaIu37ViT5enyd9+uBwAiGqCGhASvkSHBgx4PrtTGXWTMFYpDmZbjgyonyVgMciPrW4MqtJsA=="],

    "@changesets/parse": ["@changesets/parse@1.0.0", "", { "dependencies": { "@changesets/types": "^7.0.0", "yaml": "^2.9.0" } }, "sha512-P0iaMb9p9CRYZiTgAllEIF9AUMQHIy1G72tKlcIqJp61icZSsKQNiOPdxAMZG8m/DvZwt/oz5xEbTpike//dWg=="],

    "@changesets/pre": ["@changesets/pre@3.0.0", "", { "dependencies": { "@changesets/errors": "^1.0.0", "@changesets/types": "^7.0.0", "@manypkg/get-packages": "^3.1.0" } }, "sha512-Zm/6YliV/a2oeWTqHJf6KxLrQwgcK1i/BRDl2m0EKZvbnxV5fG9QRhwJJGshjsZTUTS6dkfURQ2K6aAvgNw/3Q=="],

    "@changesets/read": ["@changesets/read@1.0.1", "", { "dependencies": { "@changesets/git": "^4.0.1", "@changesets/parse": "^1.0.0", "@changesets/types": "^7.0.0" } }, "sha512-nzvSC6RcTiWf/dsuwZFXpLzGGsRHYCL68U3uHV7srsulU93aVWY7u2GEJiDZ+4GIIElfaW5EqtKC0UHroY+LTQ=="],

    "@changesets/should-skip-package": ["@changesets/should-skip-package@1.0.0", "", { "dependencies": { "@changesets/types": "^7.0.0" } }, "sha512-pwqoJmbONn1XgXmZXPEExgAaT+HdZLjALFTDgIm+PnS5KeO2nLtzA2/Q+4aMFY14kFMuXKG30MObhvDzWgzDgg=="],

    "@changesets/types": ["@changesets/types@7.0.0", "", {}, "sha512-c5GoiQyt3pxiXjrWSNoP8/GRf4kG+VnKzovx1OQM8dYYALlSwgedmkPmJ+ZqGxqwg9D3Bkj85Uo4KLd5BN3A0w=="],

    "@changesets/write": ["@changesets/write@1.0.1", "", { "dependencies": { "@changesets/format": "^0.1.1", "@changesets/types": "^7.0.0", "human-id": "^4.2.0" } }, "sha512-q/ThtP9gcnEP6xlv7LrY26C2mHqdGBti/MmOVngt/M/oIGYkssmQGxPK9WzBNt2juVcH/vml2WQ+ra8LXYOTaA=="],

    "@clack/core": ["@clack/core@1.5.1", "", { "dependencies": { "fast-wrap-ansi": "^0.2.0", "sisteransi": "^1.0.5" } }, "sha512-iHTrHA8MtVuLl2TfZySmcKv1qO2PoyC9Z7pfSDozEuV5vtY3/wcOPKJXlqJ5Oq2Cx5DDGQGAMVx6HZfRRoVEbQ=="],

    "@clack/prompts": ["@clack/prompts@1.8.1", "", { "dependencies": { "@clack/core": "1.5.1", "fast-string-width": "^3.0.2", "fast-wrap-ansi": "^0.2.0", "sisteransi": "^1.0.5" } }, "sha512-dlT1m5e/0yUL0kRNcQn7yGLVThkgbB0Ga/1AmfDDC/8ik6AIiSf2QLQO2zPYvefsHP0aFgxO93cVLCCfDp7kzQ=="],

    "@manypkg/find-root": ["@manypkg/find-root@3.1.0", "", { "dependencies": { "@manypkg/tools": "^2.1.0" } }, "sha512-BcSqCyKhBVZ5YkSzOiheMCV41kqAFptW6xGqYSTjkVTl9XQpr+pqHhwgGCOHQtjDCv7Is6EFyA14Sm5GVbVABA=="],

    "@manypkg/get-packages": ["@manypkg/get-packages@3.1.0", "", { "dependencies": { "@manypkg/find-root": "^3.1.0", "@manypkg/tools": "^2.1.0" } }, "sha512-0TbBVyvPrP7xGYBI/cP8UP+yl/z+HtbTttAD7FMAJgn/kXOTwh5/60TsqP9ZYY710forNfyV0N8P/IE/ujGZJg=="],

    "@manypkg/tools": ["@manypkg/tools@2.1.2", "", { "dependencies": { "jju": "^1.4.0", "tinyglobby": "^0.2.13", "yaml": "^2.9.0" } }, "sha512-6QEf6yqFbETdwGITKq57aYoPfX/3K8XFNwsAlx0C1M7o8cb79sv1M3w+tWuWvIcSbNqrLF7OD7YpZMVVz335hQ=="],

    "@nxgt/datasource-rest": ["@nxgt/datasource-rest@workspace:packages/datasource-rest"],

    "@nxgt/httpyz": ["@nxgt/httpyz@workspace:packages/httpyz"],

    "@nxgt/httpyz-query": ["@nxgt/httpyz-query@workspace:packages/httpyz-query"],

    "@nxgt/openapi-codegen": ["@nxgt/openapi-codegen@workspace:packages/openapi-codegen"],

    "@nxgt/openapi-hono": ["@nxgt/openapi-hono@workspace:packages/openapi-hono"],

    "@nxgt/openapi-httpyz": ["@nxgt/openapi-httpyz@workspace:packages/openapi-httpyz"],

    "@pnpm/deps.graph-sequencer": ["@pnpm/deps.graph-sequencer@1100.0.1", "", {}, "sha512-pOr5+q1fLYKwFN3LAJuGZEnfXDcQ73zqgDHMtGy+K+uIoUqyY+6MeDCWFwfu+4EFuq76I5EPFofoNAI+Bmmq4A=="],

    "@redocly/ajv": ["@redocly/ajv@8.18.3", "", { "dependencies": { "fast-deep-equal": "^3.1.3", "fast-uri": "^3.0.1", "json-schema-traverse": "^1.0.0", "require-from-string": "^2.0.2" } }, "sha512-l42u0of3hY98sN2A+M4qTX1O/KrpgGH32Hu9kP2GtHyD5Dfqq86PKFLe5dwaD8DEnNmlOlll2BAmeEtf0DaySg=="],

    "@redocly/config": ["@redocly/config@0.56.0", "", { "dependencies": { "json-schema-to-ts": "2.7.2" } }, "sha512-sGEC13BWOSKgFEHSPmFmTHpRt+zfNOc4+5+COe3Z4TD37glshCzM8qaeX7fIddGf6akRSs1tz3j+2FZVEQtCWw=="],

    "@redocly/openapi-core": ["@redocly/openapi-core@2.52.1", "", { "dependencies": { "@redocly/ajv": "^8.18.3", "@redocly/config": "^0.56.0", "ajv": "npm:@redocly/ajv@^8.18.3", "ajv-formats": "^3.0.1", "colorette": "^1.2.0", "graphql": "^16.14.1", "js-levenshtein": "^1.1.6", "js-yaml": "^5.2.2", "picomatch": "^4.0.4", "pluralize": "^8.0.0", "yaml-ast-parser": "0.0.43" } }, "sha512-5P+fS+nfkM2gE4ujWVBuQw1+npBXU+nyqRQBozsNtUFp+dInhx/hXF9w/dv0hQtUzbEgQpHrSVPyuCcqlxgVrQ=="],

    "@tanstack/query-core": ["@tanstack/query-core@5.102.8", "", {}, "sha512-ZNjkJ33CqvPNec/6lZBnHqLc3EVGPZ9ySLhYahU9TcuRFdmwXewuj0c4hwSWcGHqEUwcSrKeZ+oGcvPBqXcQcg=="],

    "@types/bun": ["@types/bun@1.4.2", "", { "dependencies": { "bun-types": "1.4.2" } }, "sha512-GimotNn7+ZV0uVArItBbriZsR1oNf0+WTzPkdcFrzShI7k2norL0uzEaJT8T33dWr7O/c9ZDuAFQrctKCi72oQ=="],

    "@types/json-schema": ["@types/json-schema@7.0.15", "", {}, "sha512-5+fP8P8MFNC+AyZCDxrB2pkZFPGzqQWUzpSeuuVLvm8VMcorNYavBqoFcxK8bQz4Qsbn4oUEEem4wDLfcysGHA=="],

    "@types/node": ["@types/node@26.5.1", "", { "dependencies": { "undici-types": "~8.9.0" } }, "sha512-CzNm2FezW4VR/LjG6yUdiEgLE/rAQ9Slj5gCu/C2VrdcW7I0ahNZ8DRbHT7zOZ6r3ONgd/bsQIeSaoDGrd1C6g=="],

    "ajv": ["@redocly/ajv@8.18.3", "", { "dependencies": { "fast-deep-equal": "^3.1.3", "fast-uri": "^3.0.1", "json-schema-traverse": "^1.0.0", "require-from-string": "^2.0.2" } }, "sha512-l42u0of3hY98sN2A+M4qTX1O/KrpgGH32Hu9kP2GtHyD5Dfqq86PKFLe5dwaD8DEnNmlOlll2BAmeEtf0DaySg=="],

    "ajv-formats": ["ajv-formats@3.0.1", "", { "dependencies": { "ajv": "^8.0.0" } }, "sha512-8iUql50EUR+uUcdRQ3HDqa6EVyo3docL8g5WJ3FNcWmu62IbkGUue/pEyLBW8VGKKucTPgqeks4fIU1DA4yowQ=="],

    "argparse": ["argparse@2.0.1", "", {}, "sha512-8+9WqebbFzpX9OR+Wa6O29asIogeRMzcGtAINdpMHHyAg10f05aSFVBbcEqGf/PXw1EjAZ+q2/bEBg3DvurK3Q=="],

    "bun-types": ["bun-types@1.4.2", "", { "dependencies": { "@types/node": "*" } }, "sha512-bxV1FgK7yBIzjRe5zBozIM4Bem11ZJcCXSrjWRG3YWLt8yFDePu4cLjpebO8OvPeIE9trbyPF4fuj3Cia4Fj3w=="],

    "cac": ["cac@7.0.0", "", {}, "sha512-tixWYgm5ZoOD+3g6UTea91eow5z6AAHaho3g0V9CNSNb45gM8SmflpAc+GRd1InC4AqN/07Unrgp56Y94N9hJQ=="],

    "colorette": ["colorette@1.4.0", "", {}, "sha512-Y2oEozpomLn7Q3HFP7dpww7AtMJplbM9lGZP6RDfHqmbeRjiwRg4n6VM6j4KLmRke85uWEI7JqF17f3pqdRA0g=="],

    "dataloader": ["dataloader@2.2.3", "", {}, "sha512-y2krtASINtPFS1rSDjacrFgn1dcUuoREVabwlOGOe4SdxenREqwjwjElAdwvbGM7kgZz9a3KVicWR7vcz8rnzA=="],

    "fast-deep-equal": ["fast-deep-equal@3.1.3", "", {}, "sha512-f3qQ9oQy9j2AhBe/H9VC91wLmKBCCU/gDOnKNAYG5hswO7BLKj09Hc5HYNz9cGI++xlpDCIgDaitVs03ATR84Q=="],

    "fast-string-truncated-width": ["fast-string-truncated-width@3.0.3", "", {}, "sha512-0jjjIEL6+0jag3l2XWWizO64/aZVtpiGE3t0Zgqxv0DPuxiMjvB3M24fCyhZUO4KomJQPj3LTSUnDP3GpdwC0g=="],

    "fast-string-width": ["fast-string-width@3.0.2", "", { "dependencies": { "fast-string-truncated-width": "^3.0.2" } }, "sha512-gX8LrtNEI5hq8DVUfRQMbr5lpaS4nMIWV+7XEbXk2b8kiQIizgnlr12B4dA3ZEx3308ze0O4Q1R+cHts8kyUJg=="],

    "fast-uri": ["fast-uri@3.1.7", "", {}, "sha512-dOvZVzjdZdz7phd9v6jCbwxrBW3fK6n8Rc0CtdmM4bumzMnxywBYhuph6J819RRw/ku+rLbelwfMunktuzVVHg=="],

    "fast-wrap-ansi": ["fast-wrap-ansi@0.2.2", "", { "dependencies": { "fast-string-width": "^3.0.2" } }, "sha512-7F2Fl+TjRSenLqlU3UjSH0iyqopqoZIu7eZVpEirP2g1GtWa2G/ecEmBdgz31+Mxr+ELclgg6sokpSFIQiZ02Q=="],

    "fdir": ["fdir@6.5.0", "", { "peerDependencies": { "picomatch": "^3 || ^4" }, "optionalPeers": ["picomatch"] }, "sha512-tIbYtZbucOs0BRGqPJkshJUYdL+SDH7dVM8gjy+ERp3WAUjLEFJE+02kanyHtwjWOnwrKYBiwAmM0p4kLJAnXg=="],

    "graphql": ["graphql@16.14.2", "", {}, "sha512-Chq1s4CY7jmh8gO2qvLIJyfCDIN+EHLFW/9iShnp1z8FjBQMoodWP1kDC36VAMXXIvAjj4ARa7ntfAV2BrjsbA=="],

    "hono": ["hono@4.13.7", "", {}, "sha512-c8/gF9ac8Y78/agExVocyLevgR+JlpNB444Py0FSX8pJoPdYUfUzRcXtYEYGwt6l19qIlVZPN5Mfsw9jFShmQQ=="],

    "human-id": ["human-id@4.2.1", "", { "bin": { "human-id": "dist/cli.js" } }, "sha512-zPGsiS+dWoTZtZ4AtpA9Y+BdSFSNWvnouNlWNoUFyAM6xHOHmdCvqO3k8AIbdamCOv4gUFUVNPf6rJFfc4UiJw=="],

    "import-meta-resolve": ["import-meta-resolve@4.2.0", "", {}, "sha512-Iqv2fzaTQN28s/FwZAoFq0ZSs/7hMAHJVX+w8PZl3cY19Pxk6jFFalxQoIfW2826i/fDLXv8IiEZRIT0lDuWcg=="],

    "jju": ["jju@1.4.0", "", {}, "sha512-8wb9Yw966OSxApiCt0K3yNJL8pnNeIv+OEq2YMidz4FKP6nonSRoOXc80iXY4JaN2FC11B9qsNmDsm+ZOfMROA=="],

    "js-levenshtein": ["js-levenshtein@1.1.6", "", {}, "sha512-X2BB11YZtrRqY4EnQcLX5Rh373zbK4alC1FW7D7MBhL2gtcC17cTnr6DmfHZeS0s2rTHjUTMMHfG7gO8SSdw+g=="],

    "js-yaml": ["js-yaml@5.4.2", "", { "dependencies": { "argparse": "^2.0.1" }, "bin": { "js-yaml": "bin/js-yaml.mjs" } }, "sha512-m+aqu+LwO1O6sIopafj8HUVl5aawITwZQe/yHpMCKjaWBaA/d07B/QdMb3529REftiU+RMMHL3Vlsw3hON7vWg=="],

    "json-schema-to-ts": ["json-schema-to-ts@2.7.2", "", { "dependencies": { "@babel/runtime": "^7.18.3", "@types/json-schema": "^7.0.9", "ts-algebra": "^1.2.0" } }, "sha512-R1JfqKqbBR4qE8UyBR56Ms30LL62/nlhoz+1UkfI/VE7p54Awu919FZ6ZUPG8zIa3XB65usPJgr1ONVncUGSaQ=="],

    "json-schema-traverse": ["json-schema-traverse@1.0.0", "", {}, "sha512-NM8/P9n3XjXhIZn1lLhkFaACTOURQXjWhV4BA/RnOv8xvgqtqpAX9IO4mRQxSx1Rlo4tqzeqb0sOlruaOy3dug=="],

    "jsonc-parser": ["jsonc-parser@3.3.1", "", {}, "sha512-HUgH65KyejrUFPvHFPbqOY0rsFip3Bo5wb4ngvdi1EpCYWUQDC5V+Y7mZws+DLkr4M//zQJoanu1SP+87Dv1oQ=="],

    "launch-editor": ["launch-editor@2.14.1", "", { "dependencies": { "picocolors": "^1.1.1", "shell-quote": "^1.8.4" } }, "sha512-QWBrQsMpH7gPr965dsKD/3cKWiNoTjpATQf++Xq63N6sKRGMwlVXz41O1IZTMfZQgBctD/K5Zt06+/I6pP6+HA=="],

    "openapi-fetch": ["openapi-fetch@0.17.0", "", { "dependencies": { "openapi-typescript-helpers": "^0.1.0" } }, "sha512-PsbZR1wAPcG91eEthKhN+Zn92FMHxv+/faECIwjXdxfTODGSGegYv0sc1Olz+HYPvKOuoXfp+0pA2XVt2cI0Ig=="],

    "openapi-typescript-helpers": ["openapi-typescript-helpers@0.1.0", "", {}, "sha512-OKTGPthhivLw/fHz6c3OPtg72vi86qaMlqbJuVJ23qOvQ+53uw1n7HdmkJFibloF7QEjDrDkzJiOJuockM/ljw=="],

    "package-manager-detector": ["package-manager-detector@1.8.0", "", {}, "sha512-yQA4H19AmPEoMUeavPMDIe1higySl/gH/yaQrkT/s07Qp+7pp2hYz30N3z2l5BkjVkF9Ow6o0wjJamm2y7Sn0A=="],

    "picocolors": ["picocolors@1.1.1", "", {}, "sha512-xceH2snhtb5M9liqDsmEw56le376mTZkEX/jEb/RxNFyegNul7eNslCXP9FDj/Lcu0X8KEyMceP2ntpaHrDEVA=="],

    "picomatch": ["picomatch@4.0.7", "", {}, "sha512-qcJu88Q2IWqJsDD529JKMdwGm/dvInW4HvQnRwiH9JtihJvzGOscDtHE3x1pBKeUOTysQ8kVmLnJ2kJu7yhcGA=="],

    "pluralize": ["pluralize@8.0.0", "", {}, "sha512-Nc3IT5yHzflTfbjgqWcCPpo7DaKy4FnpB0l/zCAW0Tc7jxAiuqSxHasntB3D7887LSrA93kDJ9IXovxJYxyLCA=="],

    "require-from-string": ["require-from-string@2.0.2", "", {}, "sha512-Xf0nWe6RseziFMu+Ap9biiUbmplq6S9/p+7w7YXP/JBHhrUDDUhwa+vANyubuqfZWTveU//DYVGsDG7RKL/vEw=="],

    "semver": ["semver@7.8.5", "", { "bin": { "semver": "bin/semver.js" } }, "sha512-Y7/KDsb8LjooZpwaqGyulO6DQlksgCncchHGk+sZIY4SBvUocMBEFH5Ur1fI4dV+Jvl0w6cjvucaIi40puRioA=="],

    "shell-quote": ["shell-quote@1.10.0", "", {}, "sha512-w1aiOKwKuRgtwAReIIj89puqg+I7GvX4IbLrvmhXbzQsj1+Zwi4VO3+fa6ZF91TWSjIxoEkKnMeHcLEODK5ZXA=="],

    "sisteransi": ["sisteransi@1.0.5", "", {}, "sha512-bLGGlR1QxBcynn2d5YmDX4MGjlZvy2MRBDRNHLJ8VI6l6+9FUiyTFNJ0IveOSP0bcXgVDPRcfGqA0pjaqUpfVg=="],

    "tinyexec": ["tinyexec@1.3.1", "", {}, "sha512-GCvB3aoys96IuDFBMcTB46JOR6mdMtAToqwiW8JlWhsoh1mhHi/xn9ss/Dg7N555GiJyEt2qzoG/NHCwM6h1EA=="],

    "tinyglobby": ["tinyglobby@0.2.17", "", { "dependencies": { "fdir": "^6.5.0", "picomatch": "^4.0.4" } }, "sha512-wXR/dYpcqKmfWpEdZjiKJOwCNFndD0DMnrW/cYjVGttEkBfVgcLFHoNrlj47mjOVic9yyNu65alsgF4NQyTa2g=="],

    "ts-algebra": ["ts-algebra@1.2.2", "", {}, "sha512-kloPhf1hq3JbCPOTYoOWDKxebWjNb2o/LKnNfkWhxVVisFFmMJPPdJeGoGmM+iRLyoXAR61e08Pb+vUXINg8aA=="],

    "typescript": ["typescript@6.0.3", "", { "bin": { "tsc": "bin/tsc", "tsserver": "bin/tsserver" } }, "sha512-y2TvuxSZPDyQakkFRPZHKFm+KKVqIisdg9/CZwm9ftvKXLP8NRWj38/ODjNbr43SsoXqNuAisEf1GdCxqWcdBw=="],

    "undici-types": ["undici-types@8.9.0", "", {}, "sha512-KTDyRTYX8sWmKXAikPHHSyc63CRPETMctyjKFupcC6OBLXT3xsN0e9aF7m+mIXutFWpUXuedtowG7iLOzp0kQg=="],

    "yaml": ["yaml@2.9.1", "", { "bin": { "yaml": "bin.mjs" } }, "sha512-3NxN8+78OdzbT7C/WjGsyfPAtJaN3FNDsWxv7Y7mcDsT/oOmgW8BpyQQFFBnvZE3j9Y2Sdz1ULFLezL7Eb2yFw=="],

    "yaml-ast-parser": ["yaml-ast-parser@0.0.43", "", {}, "sha512-2PTINUwsRqSd+s8XxKaJWQlUuEMHJQyEuh2edBbW8KNJz0SJPwUSD2zRWqezFEdN7IzAgeuYHFUCF7o8zRdZ0A=="],

    "zod": ["zod@4.6.5", "", {}, "sha512-v5l/aFXZQeai4awLbOpSoHecE9UiMrnfx75tEXLjNonXVARxQ5mOeipTjROUchszUNCqnE+hqAMujRsRHsut2Q=="],
  }
}
