{
  "lockfileVersion": 1,
  "configVersion": 1,
  "workspaces": {
    "": {
      "name": "alxia",
      "devDependencies": {
        "@biomejs/biome": "^2.5.9",
        "@changesets/changelog-github": "^1.0.1",
        "@changesets/cli": "^3.0.1",
        "@types/bun": "^1.3.0",
        "typescript": "~6.0.3",
      },
    },
    "packages/cache": {
      "name": "@alxia/cache",
      "version": "0.0.0",
      "devDependencies": {
        "@alxia/client": "workspace:^",
        "@alxia/core": "workspace:^",
        "@types/bun": "^1.3.0",
      },
      "peerDependencies": {
        "@alxia/core": "workspace:^",
        "typescript": "^6.0.3",
      },
    },
    "packages/client": {
      "name": "@alxia/client",
      "version": "0.0.0",
      "devDependencies": {
        "@alxia/core": "workspace:^",
        "@types/bun": "^1.3.0",
        "zod": "^4.1.0",
      },
      "peerDependencies": {
        "@alxia/core": "workspace:^",
        "typescript": "^6.0.3",
      },
    },
    "packages/compress": {
      "name": "@alxia/compress",
      "version": "0.0.0",
      "devDependencies": {
        "@alxia/client": "workspace:^",
        "@alxia/core": "workspace:^",
        "@types/bun": "^1.3.0",
        "zod": "^4.2.0",
      },
      "peerDependencies": {
        "@alxia/core": "workspace:^",
        "typescript": "^6.0.3",
      },
    },
    "packages/context-storage": {
      "name": "@alxia/context-storage",
      "version": "0.0.0",
      "devDependencies": {
        "@alxia/core": "workspace:^",
        "@types/bun": "^1.3.0",
        "zod": "^4.6.5",
      },
      "peerDependencies": {
        "@alxia/core": "workspace:^",
        "typescript": "^6.0.3",
      },
    },
    "packages/core": {
      "name": "@alxia/core",
      "version": "0.0.0",
      "devDependencies": {
        "@types/bun": "^1.3.0",
        "zod": "^4.1.0",
      },
      "peerDependencies": {
        "typescript": "^6.0.3",
      },
    },
    "packages/cors": {
      "name": "@alxia/cors",
      "version": "0.0.0",
      "devDependencies": {
        "@alxia/client": "workspace:^",
        "@alxia/core": "workspace:^",
        "@types/bun": "^1.3.0",
        "zod": "^4.2.0",
      },
      "peerDependencies": {
        "@alxia/core": "workspace:^",
        "typescript": "^6.0.3",
      },
    },
    "packages/env": {
      "name": "@alxia/env",
      "version": "0.0.0",
      "devDependencies": {
        "@types/bun": "^1.3.0",
        "zod": "^4.2.0",
      },
      "peerDependencies": {
        "typescript": "^6.0.3",
      },
    },
    "packages/graphql": {
      "name": "@alxia/graphql",
      "version": "0.0.0",
      "devDependencies": {
        "@alxia/core": "workspace:^",
        "@types/bun": "^1.3.0",
        "graphql": "^16.11.0",
        "graphql-yoga": "^5.16.0",
      },
      "peerDependencies": {
        "@alxia/core": "workspace:^",
        "graphql": "^16.11.0",
        "graphql-yoga": "^5.16.0",
        "typescript": "^6.0.3",
      },
    },
    "packages/i18n": {
      "name": "@alxia/i18n",
      "version": "0.0.0",
      "devDependencies": {
        "@alxia/core": "workspace:^",
        "@alxia/language": "workspace:^",
        "@nxgt/i18n": "^1.1.0",
        "@types/bun": "^1.3.0",
      },
      "peerDependencies": {
        "@alxia/core": "workspace:^",
        "@alxia/language": "workspace:^",
        "@nxgt/i18n": "^1.1.0",
        "typescript": "^6.0.3",
      },
    },
    "packages/janus": {
      "name": "@alxia/janus",
      "version": "0.0.0",
      "devDependencies": {
        "@alxia/client": "workspace:^",
        "@alxia/core": "workspace:^",
        "@nxgt/janus": "^0.17.1",
        "@types/bun": "^1.3.0",
        "zod": "^4.6.5",
      },
      "peerDependencies": {
        "@alxia/core": "workspace:^",
        "@nxgt/janus": "^0.17.1",
        "typescript": "^6.0.3",
      },
    },
    "packages/jwt": {
      "name": "@alxia/jwt",
      "version": "0.0.0",
      "devDependencies": {
        "@alxia/client": "workspace:^",
        "@alxia/core": "workspace:^",
        "@types/bun": "^1.3.0",
        "zod": "^4.2.0",
      },
      "peerDependencies": {
        "@alxia/core": "workspace:^",
        "typescript": "^6.0.3",
      },
    },
    "packages/language": {
      "name": "@alxia/language",
      "version": "0.0.0",
      "devDependencies": {
        "@alxia/core": "workspace:^",
        "@types/bun": "^1.3.0",
      },
      "peerDependencies": {
        "@alxia/core": "workspace:^",
        "typescript": "^6.0.3",
      },
    },
    "packages/logger": {
      "name": "@alxia/logger",
      "version": "0.0.0",
      "devDependencies": {
        "@alxia/client": "workspace:^",
        "@alxia/core": "workspace:^",
        "@types/bun": "^1.3.0",
        "zod": "^4.2.0",
      },
      "peerDependencies": {
        "@alxia/core": "workspace:^",
        "typescript": "^6.0.3",
      },
    },
    "packages/openapi": {
      "name": "@alxia/openapi",
      "version": "0.0.0",
      "devDependencies": {
        "@alxia/core": "workspace:^",
        "@types/bun": "^1.3.0",
        "zod": "^4.1.0",
      },
      "peerDependencies": {
        "@alxia/core": "workspace:^",
        "typescript": "^6.0.3",
      },
    },
    "packages/rate-limit": {
      "name": "@alxia/rate-limit",
      "version": "0.0.0",
      "devDependencies": {
        "@alxia/client": "workspace:^",
        "@alxia/core": "workspace:^",
        "@types/bun": "^1.3.0",
        "zod": "^4.2.0",
      },
      "peerDependencies": {
        "@alxia/core": "workspace:^",
        "typescript": "^6.0.3",
      },
    },
    "packages/redis": {
      "name": "@alxia/redis",
      "version": "0.0.0",
      "devDependencies": {
        "@alxia/cache": "workspace:^",
        "@alxia/client": "workspace:^",
        "@alxia/core": "workspace:^",
        "@alxia/rate-limit": "workspace:^",
        "@nxgt/redis": "^0.3.1",
        "@nxgt/redis-guard": "^0.3.1",
        "@types/bun": "^1.3.0",
        "zod": "^4.6.5",
      },
      "peerDependencies": {
        "@alxia/cache": "workspace:^",
        "@alxia/core": "workspace:^",
        "@alxia/rate-limit": "workspace:^",
        "@nxgt/redis": "^0.3.1",
        "@nxgt/redis-guard": "^0.3.1",
        "typescript": "^6.0.3",
        "zod": "^4.6.5",
      },
      "optionalPeers": [
        "@alxia/cache",
        "@alxia/rate-limit",
      ],
    },
    "packages/secure-headers": {
      "name": "@alxia/secure-headers",
      "version": "0.0.0",
      "devDependencies": {
        "@alxia/client": "workspace:^",
        "@alxia/core": "workspace:^",
        "@types/bun": "^1.3.0",
        "zod": "^4.2.0",
      },
      "peerDependencies": {
        "@alxia/core": "workspace:^",
        "typescript": "^6.0.3",
      },
    },
    "packages/telemetry": {
      "name": "@alxia/telemetry",
      "version": "0.0.0",
      "devDependencies": {
        "@alxia/client": "workspace:^",
        "@alxia/core": "workspace:^",
        "@nxgt/telemetry": "^0.2.1",
        "@types/bun": "^1.3.0",
        "zod": "^4.6.5",
      },
      "peerDependencies": {
        "@alxia/core": "workspace:^",
        "@nxgt/telemetry": "^0.2.1",
        "typescript": "^6.0.3",
      },
    },
    "packages/zod": {
      "name": "@alxia/zod",
      "version": "0.0.0",
      "devDependencies": {
        "@alxia/client": "workspace:^",
        "@alxia/core": "workspace:^",
        "@alxia/openapi": "workspace:^",
        "@types/bun": "^1.3.0",
        "zod": "^4.2.0",
      },
      "peerDependencies": {
        "typescript": "^6.0.3",
        "zod": "^4.2.0",
      },
    },
  },
  "overrides": {
    "typescript": "~6.0.3",
  },
  "packages": {
    "@alxia/cache": ["@alxia/cache@workspace:packages/cache"],

    "@alxia/client": ["@alxia/client@workspace:packages/client"],

    "@alxia/compress": ["@alxia/compress@workspace:packages/compress"],

    "@alxia/context-storage": ["@alxia/context-storage@workspace:packages/context-storage"],

    "@alxia/core": ["@alxia/core@workspace:packages/core"],

    "@alxia/cors": ["@alxia/cors@workspace:packages/cors"],

    "@alxia/env": ["@alxia/env@workspace:packages/env"],

    "@alxia/graphql": ["@alxia/graphql@workspace:packages/graphql"],

    "@alxia/i18n": ["@alxia/i18n@workspace:packages/i18n"],

    "@alxia/janus": ["@alxia/janus@workspace:packages/janus"],

    "@alxia/jwt": ["@alxia/jwt@workspace:packages/jwt"],

    "@alxia/language": ["@alxia/language@workspace:packages/language"],

    "@alxia/logger": ["@alxia/logger@workspace:packages/logger"],

    "@alxia/openapi": ["@alxia/openapi@workspace:packages/openapi"],

    "@alxia/rate-limit": ["@alxia/rate-limit@workspace:packages/rate-limit"],

    "@alxia/redis": ["@alxia/redis@workspace:packages/redis"],

    "@alxia/secure-headers": ["@alxia/secure-headers@workspace:packages/secure-headers"],

    "@alxia/telemetry": ["@alxia/telemetry@workspace:packages/telemetry"],

    "@alxia/zod": ["@alxia/zod@workspace:packages/zod"],

    "@biomejs/biome": ["@biomejs/biome@2.5.15", "", { "optionalDependencies": { "@biomejs/cli-darwin-arm64": "2.5.15", "@biomejs/cli-darwin-x64": "2.5.15", "@biomejs/cli-linux-arm64": "2.5.15", "@biomejs/cli-linux-arm64-musl": "2.5.15", "@biomejs/cli-linux-x64": "2.5.15", "@biomejs/cli-linux-x64-musl": "2.5.15", "@biomejs/cli-win32-arm64": "2.5.15", "@biomejs/cli-win32-x64": "2.5.15" }, "bin": { "biome": "bin/biome" } }, "sha512-WZTW4slm/pdkh92K6t/3aEN++44JD1PQ7squ7RCMLI1flHGl43DVOIGXvCjHiZgBMO1V4uYxoFNtqrIA4qGuIQ=="],

    "@biomejs/cli-darwin-arm64": ["@biomejs/cli-darwin-arm64@2.5.15", "", { "os": "darwin", "cpu": "arm64" }, "sha512-BZVzFhJ/mUvTLMYbc9x6el0o2Uv5zP7bACYyhFb6fSc1giroXm7PL0a5KqMJ9F+/BnkYRjagD/ROSDVOZ6eapg=="],

    "@biomejs/cli-darwin-x64": ["@biomejs/cli-darwin-x64@2.5.15", "", { "os": "darwin", "cpu": "x64" }, "sha512-V5Kw63V+fVGNFhFrizDxMbGXAzZCh8kYzJpy3GI6gTapWDg7bZK9oYC9CbVgQSEdTnupz0U5Efz8Ev+5vdBBXw=="],

    "@biomejs/cli-linux-arm64": ["@biomejs/cli-linux-arm64@2.5.15", "", { "os": "linux", "cpu": "arm64" }, "sha512-XaG7P7eeSLYETD3K9grfB0mQmpLQZjygdbsxekWBJAg4am79fGAtRpfRyNnTvXB2fZFNnJZG3nXm7HBat0+VUw=="],

    "@biomejs/cli-linux-arm64-musl": ["@biomejs/cli-linux-arm64-musl@2.5.15", "", { "os": "linux", "cpu": "arm64" }, "sha512-tGzZUTcJCV7tj5Adh/Gn6nR4MycqA3iohq2LEcrarAgRBkU0h0OKd2UzCRkOsOYOuUGaUJb4YmqRqyy2feGGSw=="],

    "@biomejs/cli-linux-x64": ["@biomejs/cli-linux-x64@2.5.15", "", { "os": "linux", "cpu": "x64" }, "sha512-xE4iEW/3LqlYj9GFgGrFsFSH51dEEpUbYWBfeOv0q87WkUDxK2o/HhreSb7qMJqck70RVM6Lg96hgedcAYcOkA=="],

    "@biomejs/cli-linux-x64-musl": ["@biomejs/cli-linux-x64-musl@2.5.15", "", { "os": "linux", "cpu": "x64" }, "sha512-IlxUcyxilVGPsE008x13pWdkTbU3nQpP2i9b5UrbOYj6goBkKsRX1XB7yJLcV+O1H9LBchIIm4adOaVLZBX0ZQ=="],

    "@biomejs/cli-win32-arm64": ["@biomejs/cli-win32-arm64@2.5.15", "", { "os": "win32", "cpu": "arm64" }, "sha512-2kPKzhNlm8C+Ru3GcO0Me2ODkCBLrVOUNuyi84RJyWDVKAA4+Kjj3jMjL938lF6BRfvltC4vB2nPY9SvN51Ovg=="],

    "@biomejs/cli-win32-x64": ["@biomejs/cli-win32-x64@2.5.15", "", { "os": "win32", "cpu": "x64" }, "sha512-yAzh4UqEImV6Hcy0zjUqNfJAsUhoD64FBQCdTG8Md/Z2wQeVP/ZmJ3XRYAs1g8J9fjTFyl2fCtc5FB5til47+g=="],

    "@changesets/apply-release-plan": ["@changesets/apply-release-plan@8.1.1", "", { "dependencies": { "@changesets/config": "^4.0.1", "@changesets/format": "^0.1.2", "@changesets/git": "^4.0.1", "@changesets/should-skip-package": "^1.0.0", "@changesets/types": "^7.0.0", "import-meta-resolve": "^4.2.0", "jsonc-parser": "^3.3.1", "semver": "^7.8.1" } }, "sha512-nk2Hbq3M9NeHMdaIRBDvawKrQJzXB9sGyBUE5yWnIKtvdcNCPj75zBekJYr0gTT2ecJH3eFeTrc8eisPImcv0Q=="],

    "@changesets/assemble-release-plan": ["@changesets/assemble-release-plan@7.0.0", "", { "dependencies": { "@changesets/errors": "^1.0.0", "@changesets/get-dependents-graph": "^3.0.0", "@changesets/should-skip-package": "^1.0.0", "@changesets/types": "^7.0.0", "semver": "^7.8.1" } }, "sha512-oEW8BxdA604kGGtDSCiHr5w9Tv4UWe9I2k61IBNZzCOE1kbYaJj4v+lFQNgcEZFkUc2pV/+hASErGDvpJOZCTg=="],

    "@changesets/changelog-git": ["@changesets/changelog-git@1.0.0", "", { "dependencies": { "@changesets/types": "^7.0.0" } }, "sha512-3Dst2Ime2Op5nd4XmWJLPIgp11ZFqJqSkVug9izK6TDcIV4YlhPS4ECbEVR+eGI0bk0r1ItogD4j2Oli87bJrA=="],

    "@changesets/changelog-github": ["@changesets/changelog-github@1.0.1", "", { "dependencies": { "@changesets/get-github-info": "^1.0.1", "@changesets/types": "^7.0.0" } }, "sha512-QUcrV7878yHlWPXXPA6gqSxNKwtVHCd1K22L7ZAoJw2yGy8K4QvjwOStD75+1Q9KD9ZSUgGS94HuYdd7HOVtpA=="],

    "@changesets/cli": ["@changesets/cli@3.0.3", "", { "dependencies": { "@changesets/apply-release-plan": "^8.1.1", "@changesets/assemble-release-plan": "^7.0.0", "@changesets/changelog-git": "^1.0.0", "@changesets/config": "^4.0.1", "@changesets/errors": "^1.0.0", "@changesets/get-dependents-graph": "^3.0.0", "@changesets/git": "^4.0.1", "@changesets/pre": "^3.0.0", "@changesets/read": "^1.0.1", "@changesets/should-skip-package": "^1.0.0", "@changesets/types": "^7.0.0", "@changesets/write": "^1.0.1", "@clack/prompts": "^1.7.0", "@manypkg/get-packages": "^3.1.0", "@pnpm/deps.graph-sequencer": "^1100.0.1", "cac": "^7.0.0", "import-meta-resolve": "^4.2.0", "launch-editor": "^2.14.1", "package-manager-detector": "^1.6.0", "semver": "^7.8.1", "tinyexec": "^1.3.1" }, "bin": { "changeset": "bin.js" } }, "sha512-L1i67bMfkK6iC/kDejuNO4pFgTRcWIObsD6Qof2woP1I4M8tj17DGlcpRaTzTv1DYSP5EMwWdEtR8X0Pj5Jg3Q=="],

    "@changesets/config": ["@changesets/config@4.0.1", "", { "dependencies": { "@changesets/get-dependents-graph": "^3.0.0", "@changesets/should-skip-package": "^1.0.0", "@changesets/types": "^7.0.0", "@manypkg/get-packages": "^3.1.0", "picomatch": "^4.0.7" } }, "sha512-PxpxSQLQSLDjceAgRq+4FWlU+HflDIw03mmPVipxoQx9xrXFUjmqTy3SE+n/2t+DqPdpPiLWVr5NRiLZvjyLwg=="],

    "@changesets/errors": ["@changesets/errors@1.0.0", "", {}, "sha512-ElN/mEzn6zmETgjwf5MclCMa9ef59sAR0lfO8VSYIsiRvbC2FbLB/92EoYw10Sl0kGixxHFiJZUSv7dA+YpR8g=="],

    "@changesets/format": ["@changesets/format@0.1.2", "", { "dependencies": { "package-manager-detector": "^1.8.0", "tinyexec": "^1.3.0" } }, "sha512-Caez5XtNXCFS/G5bwyav3wuXL0tMxVd2ZGbaumWbzN08tyzO21asCw7JZhNtVsAZDCvDRUzZN+Iit9SyRITSYA=="],

    "@changesets/get-dependents-graph": ["@changesets/get-dependents-graph@3.0.0", "", { "dependencies": { "@changesets/types": "^7.0.0", "semver": "^7.8.1" } }, "sha512-ji/t5wFA1zREKXRUePE6Qi+Qu2UgxCeSSGQrphezwvQZrp49B7sJ+8+wvM0tA7zPeSxYKCojDy3WWgrl+s+awg=="],

    "@changesets/get-github-info": ["@changesets/get-github-info@1.0.1", "", { "dependencies": { "dataloader": "^2.2.3" } }, "sha512-ifLQCky/ZtDgZ4xCiUMjnLZSJ8xk52iIzMJbBBPlZWjr2CiTNTaTDddIVWKicrUAdWuLWL7PUw2fNa1yPwLpIg=="],

    "@changesets/git": ["@changesets/git@4.0.1", "", { "dependencies": { "@changesets/errors": "^1.0.0", "@changesets/types": "^7.0.0", "@manypkg/get-packages": "^3.1.0", "picomatch": "^4.0.4", "tinyexec": "^1.3.0" } }, "sha512-6vWpIAC4LkpmlqaIu37ViT5enyd9+uBwAiGqCGhASvkSHBgx4PrtTGXWTMFYpDmZbjgyonyVgMciPrW4MqtJsA=="],

    "@changesets/parse": ["@changesets/parse@1.0.0", "", { "dependencies": { "@changesets/types": "^7.0.0", "yaml": "^2.9.0" } }, "sha512-P0iaMb9p9CRYZiTgAllEIF9AUMQHIy1G72tKlcIqJp61icZSsKQNiOPdxAMZG8m/DvZwt/oz5xEbTpike//dWg=="],

    "@changesets/pre": ["@changesets/pre@3.0.0", "", { "dependencies": { "@changesets/errors": "^1.0.0", "@changesets/types": "^7.0.0", "@manypkg/get-packages": "^3.1.0" } }, "sha512-Zm/6YliV/a2oeWTqHJf6KxLrQwgcK1i/BRDl2m0EKZvbnxV5fG9QRhwJJGshjsZTUTS6dkfURQ2K6aAvgNw/3Q=="],

    "@changesets/read": ["@changesets/read@1.0.1", "", { "dependencies": { "@changesets/git": "^4.0.1", "@changesets/parse": "^1.0.0", "@changesets/types": "^7.0.0" } }, "sha512-nzvSC6RcTiWf/dsuwZFXpLzGGsRHYCL68U3uHV7srsulU93aVWY7u2GEJiDZ+4GIIElfaW5EqtKC0UHroY+LTQ=="],

    "@changesets/should-skip-package": ["@changesets/should-skip-package@1.0.0", "", { "dependencies": { "@changesets/types": "^7.0.0" } }, "sha512-pwqoJmbONn1XgXmZXPEExgAaT+HdZLjALFTDgIm+PnS5KeO2nLtzA2/Q+4aMFY14kFMuXKG30MObhvDzWgzDgg=="],

    "@changesets/types": ["@changesets/types@7.0.0", "", {}, "sha512-c5GoiQyt3pxiXjrWSNoP8/GRf4kG+VnKzovx1OQM8dYYALlSwgedmkPmJ+ZqGxqwg9D3Bkj85Uo4KLd5BN3A0w=="],

    "@changesets/write": ["@changesets/write@1.0.1", "", { "dependencies": { "@changesets/format": "^0.1.1", "@changesets/types": "^7.0.0", "human-id": "^4.2.0" } }, "sha512-q/ThtP9gcnEP6xlv7LrY26C2mHqdGBti/MmOVngt/M/oIGYkssmQGxPK9WzBNt2juVcH/vml2WQ+ra8LXYOTaA=="],

    "@clack/core": ["@clack/core@1.5.1", "", { "dependencies": { "fast-wrap-ansi": "^0.2.0", "sisteransi": "^1.0.5" } }, "sha512-iHTrHA8MtVuLl2TfZySmcKv1qO2PoyC9Z7pfSDozEuV5vtY3/wcOPKJXlqJ5Oq2Cx5DDGQGAMVx6HZfRRoVEbQ=="],

    "@clack/prompts": ["@clack/prompts@1.8.1", "", { "dependencies": { "@clack/core": "1.5.1", "fast-string-width": "^3.0.2", "fast-wrap-ansi": "^0.2.0", "sisteransi": "^1.0.5" } }, "sha512-dlT1m5e/0yUL0kRNcQn7yGLVThkgbB0Ga/1AmfDDC/8ik6AIiSf2QLQO2zPYvefsHP0aFgxO93cVLCCfDp7kzQ=="],

    "@envelop/core": ["@envelop/core@5.6.1", "", { "dependencies": { "@envelop/instrumentation": "^1.0.1", "@envelop/types": "^5.2.2", "@whatwg-node/promise-helpers": "^1.2.4", "tslib": "^2.5.0" } }, "sha512-KEbJ7yrAA+W7IY9MZzpZJ77w/72ndaV/16+hhPapd+0Ohjqffl0mmF3QWy62/m3nRP4qidD+1eiEjJhS/O38Tg=="],

    "@envelop/instrumentation": ["@envelop/instrumentation@1.0.1", "", { "dependencies": { "@whatwg-node/promise-helpers": "^1.2.1", "tslib": "^2.5.0" } }, "sha512-FuexE2qd3Yc1Kh1DjTliwGxb9kyyv4ySBNnfJOxnQasVmGdcqX6AkkO5sIMxLWFRftp8PErOcIn2dQW/1RwytQ=="],

    "@envelop/types": ["@envelop/types@5.2.2", "", { "dependencies": { "@whatwg-node/promise-helpers": "^1.0.0", "tslib": "^2.5.0" } }, "sha512-nl9cmUh8F+2/NNzpcLjzNqtaVn0m8XSzzxrPU2ByHhlz4Hqlc5QBfRsemZkoJMKrMviJXyJYdKZiUP1o70F3Kw=="],

    "@fastify/busboy": ["@fastify/busboy@3.2.2", "", {}, "sha512-yXSS27qPExaXeuLvMRMXOLtpipzfQYNjG3FkunDWKGfMYjKuhFXko9CVzqxm8jcF+lmtS9Fd89QNdh9XDjnbNg=="],

    "@formatjs/fast-memoize": ["@formatjs/fast-memoize@3.1.7", "", {}, "sha512-zXfhLpvA6T7+efdt9JLbBwZ00tT7NsBMDVnDu8rpHeNNv8KfRZAMo2gkG0k9lK/Nzc//3kJ9pImsfuJxk3KhUA=="],

    "@formatjs/icu-messageformat-parser": ["@formatjs/icu-messageformat-parser@3.5.20", "", { "dependencies": { "@formatjs/icu-skeleton-parser": "2.1.12" } }, "sha512-DUzCb2iskGDKvLU7P+nz/rjpmN59luoTRbWHFFNYNnZTxWCKvwPI94rNll99TGZaI6XoTbDF0QGegk21GFrQZQ=="],

    "@formatjs/icu-skeleton-parser": ["@formatjs/icu-skeleton-parser@2.1.12", "", {}, "sha512-ca7tZMLpfHX3sUD7hP6gE/qr6Iq89EDd3ZLeRhbsB7r0UD55DGJq+tmFLzrGrnx5StahUevQmQQVtbDRHsfDHA=="],

    "@graphql-tools/executor": ["@graphql-tools/executor@2.0.3", "", { "dependencies": { "@graphql-tools/utils": "^12.0.3", "@graphql-typed-document-node/core": "^3.2.0", "@repeaterjs/repeater": "^3.1.0", "@whatwg-node/disposablestack": "^0.1.0", "@whatwg-node/promise-helpers": "^2.0.0", "tslib": "^2.4.0" }, "peerDependencies": { "graphql": "^14.0.0 || ^15.0.0 || ^16.0.0 || ^17.0.0" } }, "sha512-0qUCtalTDdanDuvW4EiHnNMct8QHYKTuGjI2lXU388LrpoV+5tlqp/xPqdYbrDtl3OBpZHToOEBcQunWz1UDig=="],

    "@graphql-tools/merge": ["@graphql-tools/merge@9.2.6", "", { "dependencies": { "@graphql-tools/utils": "^12.0.3", "tslib": "^2.4.0" }, "peerDependencies": { "graphql": "^14.0.0 || ^15.0.0 || ^16.0.0 || ^17.0.0" } }, "sha512-M7iI/qoCnks6iITkimtdZgI2SrWOInr+QRWuhEsInaumzQGPd0pnWbRAVTRVcFN2Gu9hM2aS5kYzASC93d9epw=="],

    "@graphql-tools/schema": ["@graphql-tools/schema@10.1.3", "", { "dependencies": { "@graphql-tools/merge": "^9.2.6", "@graphql-tools/utils": "^12.0.3", "tslib": "^2.4.0" }, "peerDependencies": { "graphql": "^14.0.0 || ^15.0.0 || ^16.0.0 || ^17.0.0" } }, "sha512-N1ZpzguxzqTy5fpurqWQ5BXyjirlrtvVLeSafsu+SCDNjDeRnVxf9n5PVbdgzwFPAmP/7NK9sq9UB/kyR8oFiw=="],

    "@graphql-tools/utils": ["@graphql-tools/utils@11.2.2", "", { "dependencies": { "@graphql-typed-document-node/core": "^3.1.1", "@whatwg-node/promise-helpers": "^1.0.0", "cross-inspect": "1.0.1", "tslib": "^2.4.0" }, "peerDependencies": { "graphql": "^14.0.0 || ^15.0.0 || ^16.0.0 || ^17.0.0" } }, "sha512-Do2A/t6ayqOma8m7PvpYMsCBswL+NB35BQSng4GWSBqafL2/BnfAZy/NSENPwV721Rm2fG0BHETFC0+FJJZmLw=="],

    "@graphql-typed-document-node/core": ["@graphql-typed-document-node/core@3.2.0", "", { "peerDependencies": { "graphql": "^0.8.0 || ^0.9.0 || ^0.10.0 || ^0.11.0 || ^0.12.0 || ^0.13.0 || ^14.0.0 || ^15.0.0 || ^16.0.0 || ^17.0.0" } }, "sha512-mB9oAsNCm9aM3/SOv4YtBMqZbYj10R7dkq8byBqxGY/ncFwhf2oQzMV+LCRlWoDSEBJ3COiR1yeDvMtsoOsuFQ=="],

    "@graphql-yoga/logger": ["@graphql-yoga/logger@2.0.2", "", { "dependencies": { "tslib": "^2.8.1" } }, "sha512-k2QGHCcH10O+GGe1sgXn0paaP9GCK91wxkuNQaA4IvXBF/RcdBLaX15UeZLW9kMG8kfz7bL0r4Yu+BXYe0JOaw=="],

    "@graphql-yoga/subscription": ["@graphql-yoga/subscription@5.1.1", "", { "dependencies": { "@graphql-yoga/typed-event-target": "^3.0.3", "@repeaterjs/repeater": "^3.0.4", "@whatwg-node/events": "^0.1.0", "tslib": "^2.8.1" } }, "sha512-I48DpyPTxYzmO5TwvKOXxiLI/tsbyeYNhb4/6/oJEBn6nlb8snHL0G0Fw1LC2ApNW1QKYuCPRDTp9yUwVBqhNQ=="],

    "@graphql-yoga/typed-event-target": ["@graphql-yoga/typed-event-target@3.0.3", "", { "dependencies": { "@repeaterjs/repeater": "^3.0.4", "tslib": "^2.8.1" } }, "sha512-j/EgVfZSzKA2lVeiZ0un8E2eVIqWa9Woyqta4A40ht1M93ui9CDVHU6pmphoQTpFa92BNbMVexXdOtMQk8LCjA=="],

    "@manypkg/find-root": ["@manypkg/find-root@3.1.0", "", { "dependencies": { "@manypkg/tools": "^2.1.0" } }, "sha512-BcSqCyKhBVZ5YkSzOiheMCV41kqAFptW6xGqYSTjkVTl9XQpr+pqHhwgGCOHQtjDCv7Is6EFyA14Sm5GVbVABA=="],

    "@manypkg/get-packages": ["@manypkg/get-packages@3.1.0", "", { "dependencies": { "@manypkg/find-root": "^3.1.0", "@manypkg/tools": "^2.1.0" } }, "sha512-0TbBVyvPrP7xGYBI/cP8UP+yl/z+HtbTttAD7FMAJgn/kXOTwh5/60TsqP9ZYY710forNfyV0N8P/IE/ujGZJg=="],

    "@manypkg/tools": ["@manypkg/tools@2.1.2", "", { "dependencies": { "jju": "^1.4.0", "tinyglobby": "^0.2.13", "yaml": "^2.9.0" } }, "sha512-6QEf6yqFbETdwGITKq57aYoPfX/3K8XFNwsAlx0C1M7o8cb79sv1M3w+tWuWvIcSbNqrLF7OD7YpZMVVz335hQ=="],

    "@nxgt/i18n": ["@nxgt/i18n@1.1.0", "", { "dependencies": { "hono": "^4.13.4", "intl-messageformat": "^12.1.2", "lodash": "^4.18.1" }, "peerDependencies": { "typescript": "^6.0.3" } }, "sha512-wTI/IoqgoVk9g4l5G8uWU4s74JwkuaZ5OVoZNkpZRT7WeKLgVQdO0yGdx/arXcAQslfY0mo0kd4wHnMU3uARSA=="],

    "@nxgt/janus": ["@nxgt/janus@0.17.1", "", { "peerDependencies": { "typescript": "^6.0.3" } }, "sha512-tqXqXXY1FiZy1VRk1OaJcfqaYqPJdy4u6iFtCjS8eEp7QH+YwrB9AtD0o+IMerOHSt4vNGLoTF7F4YUN49SROA=="],

    "@nxgt/redis": ["@nxgt/redis@0.3.1", "", { "peerDependencies": { "typescript": "^6.0.3", "zod": ">=4.6.5 <5" } }, "sha512-PYfjvKt25IcZ/RPJhUTBnuuAIVpidgA+r14mGGghRj2AXZBgYL5d0N+jzbhQDFPS5dm/b6gea4K654z+TkpvwQ=="],

    "@nxgt/redis-guard": ["@nxgt/redis-guard@0.3.1", "", { "peerDependencies": { "typescript": "^6.0.3", "zod": ">=4.6.5 <5" } }, "sha512-t8PLdGCxZsIOH1Umu96wezfGcIw6aRhH4d1VxZdPRJrZRk+sL/C97t+vfybZadTeuOvbglfYt1BhGyBLCDJ+9Q=="],

    "@nxgt/telemetry": ["@nxgt/telemetry@0.2.1", "", { "peerDependencies": { "typescript": "^6.0.3" } }, "sha512-IPkGEL00VD8Un5HgONlvSfE48949Zvz2Nz9/RdOb0p8p8BFp6/fXO8TvKXVgtrwbwDcvXTRJgGmqntWYT3p2cg=="],

    "@pnpm/deps.graph-sequencer": ["@pnpm/deps.graph-sequencer@1100.0.1", "", {}, "sha512-pOr5+q1fLYKwFN3LAJuGZEnfXDcQ73zqgDHMtGy+K+uIoUqyY+6MeDCWFwfu+4EFuq76I5EPFofoNAI+Bmmq4A=="],

    "@repeaterjs/repeater": ["@repeaterjs/repeater@3.1.0", "", {}, "sha512-TaoVksZRSx2KWYYpyLQtMQXXeS98VsgZImzW65xmiVgbYhXLk+aEsmzPLirqVuE4/XuUapH2iMtxUzaBNDzdSQ=="],

    "@types/bun": ["@types/bun@1.4.2", "", { "dependencies": { "bun-types": "1.4.2" } }, "sha512-GimotNn7+ZV0uVArItBbriZsR1oNf0+WTzPkdcFrzShI7k2norL0uzEaJT8T33dWr7O/c9ZDuAFQrctKCi72oQ=="],

    "@types/node": ["@types/node@26.6.3", "", { "dependencies": { "undici-types": "~8.9.0" } }, "sha512-dsqMQQoeTLqu9wynDD00q573mNzso3IdQOAfHRJqLCcmCFPoGo9A1bDpUcv/9tnKpErQWv9uKeGfl37EIS02Yg=="],

    "@whatwg-node/disposablestack": ["@whatwg-node/disposablestack@0.1.0", "", { "dependencies": { "@whatwg-node/promise-helpers": "^2.0.0", "tslib": "^2.6.3" } }, "sha512-ok0A9+D+mdeb3w1GNCpVr+2gVVLRWKo9Ywm/whNsoWSNfNg3jNxS0/wUF6NSUYbfOtFGu2wZgJnLjasbaQEfvA=="],

    "@whatwg-node/events": ["@whatwg-node/events@0.1.2", "", { "dependencies": { "tslib": "^2.6.3" } }, "sha512-ApcWxkrs1WmEMS2CaLLFUEem/49erT3sxIVjpzU5f6zmVcnijtDSrhoK2zVobOIikZJdH63jdAXOrvjf6eOUNQ=="],

    "@whatwg-node/fetch": ["@whatwg-node/fetch@0.10.13", "", { "dependencies": { "@whatwg-node/node-fetch": "^0.8.3", "urlpattern-polyfill": "^10.0.0" } }, "sha512-b4PhJ+zYj4357zwk4TTuF2nEe0vVtOrwdsrNo5hL+u1ojXNhh1FgJ6pg1jzDlwlT4oBdzfSwaBwMCtFCsIWg8Q=="],

    "@whatwg-node/node-fetch": ["@whatwg-node/node-fetch@0.8.6", "", { "dependencies": { "@fastify/busboy": "^3.1.1", "@whatwg-node/disposablestack": "^0.0.6", "@whatwg-node/promise-helpers": "^1.3.2", "tslib": "^2.6.3" } }, "sha512-BDMdYFcerLQkwA2RTldxOqRCs6ZQD1S7UgP3pUdGUkcbgTrP/V5ko77ZkCww9DHmC4lpoYuwigGfQYj285gMvA=="],

    "@whatwg-node/promise-helpers": ["@whatwg-node/promise-helpers@1.3.2", "", { "dependencies": { "tslib": "^2.6.3" } }, "sha512-Nst5JdK47VIl9UcGwtv2Rcgyn5lWtZ0/mhRQ4G8NN2isxpq2TO30iqHzmwoJycjWuyUfg3GFXqP/gFHXeV57IA=="],

    "@whatwg-node/server": ["@whatwg-node/server@0.11.0", "", { "dependencies": { "@envelop/instrumentation": "^1.0.0", "@whatwg-node/disposablestack": "^0.0.6", "@whatwg-node/fetch": "^0.10.13", "@whatwg-node/promise-helpers": "^1.3.2", "tslib": "^2.6.3" } }, "sha512-VSdkwnJRr8Yv9UgB2aXB3VUPWwd6Oqnn0hycFwhg9pZgWxJXb7JmhsiXe9tmpMwjHFxli12PGcz9aI63YYloGQ=="],

    "bun-types": ["bun-types@1.4.2", "", { "dependencies": { "@types/node": "*" } }, "sha512-bxV1FgK7yBIzjRe5zBozIM4Bem11ZJcCXSrjWRG3YWLt8yFDePu4cLjpebO8OvPeIE9trbyPF4fuj3Cia4Fj3w=="],

    "cac": ["cac@7.0.0", "", {}, "sha512-tixWYgm5ZoOD+3g6UTea91eow5z6AAHaho3g0V9CNSNb45gM8SmflpAc+GRd1InC4AqN/07Unrgp56Y94N9hJQ=="],

    "cross-inspect": ["cross-inspect@1.0.1", "", { "dependencies": { "tslib": "^2.4.0" } }, "sha512-Pcw1JTvZLSJH83iiGWt6fRcT+BjZlCDRVwYLbUcHzv/CRpB7r0MlSrGbIyQvVSNyGnbt7G4AXuyCiDR3POvZ1A=="],

    "dataloader": ["dataloader@2.2.3", "", {}, "sha512-y2krtASINtPFS1rSDjacrFgn1dcUuoREVabwlOGOe4SdxenREqwjwjElAdwvbGM7kgZz9a3KVicWR7vcz8rnzA=="],

    "fast-string-truncated-width": ["fast-string-truncated-width@3.0.3", "", {}, "sha512-0jjjIEL6+0jag3l2XWWizO64/aZVtpiGE3t0Zgqxv0DPuxiMjvB3M24fCyhZUO4KomJQPj3LTSUnDP3GpdwC0g=="],

    "fast-string-width": ["fast-string-width@3.0.2", "", { "dependencies": { "fast-string-truncated-width": "^3.0.2" } }, "sha512-gX8LrtNEI5hq8DVUfRQMbr5lpaS4nMIWV+7XEbXk2b8kiQIizgnlr12B4dA3ZEx3308ze0O4Q1R+cHts8kyUJg=="],

    "fast-wrap-ansi": ["fast-wrap-ansi@0.2.2", "", { "dependencies": { "fast-string-width": "^3.0.2" } }, "sha512-7F2Fl+TjRSenLqlU3UjSH0iyqopqoZIu7eZVpEirP2g1GtWa2G/ecEmBdgz31+Mxr+ELclgg6sokpSFIQiZ02Q=="],

    "fdir": ["fdir@6.5.0", "", { "peerDependencies": { "picomatch": "^3 || ^4" }, "optionalPeers": ["picomatch"] }, "sha512-tIbYtZbucOs0BRGqPJkshJUYdL+SDH7dVM8gjy+ERp3WAUjLEFJE+02kanyHtwjWOnwrKYBiwAmM0p4kLJAnXg=="],

    "graphql": ["graphql@16.14.2", "", {}, "sha512-Chq1s4CY7jmh8gO2qvLIJyfCDIN+EHLFW/9iShnp1z8FjBQMoodWP1kDC36VAMXXIvAjj4ARa7ntfAV2BrjsbA=="],

    "graphql-yoga": ["graphql-yoga@5.24.1", "", { "dependencies": { "@envelop/core": "^5.6.1", "@envelop/instrumentation": "^1.0.1", "@graphql-tools/executor": "^2.0.0", "@graphql-tools/schema": "^10.0.11", "@graphql-tools/utils": "^11.2.0", "@graphql-yoga/logger": "^2.0.2", "@graphql-yoga/subscription": "^5.1.1", "@whatwg-node/fetch": "^0.10.6", "@whatwg-node/promise-helpers": "^1.3.2", "@whatwg-node/server": "^0.11.0", "lru-cache": "^10.0.0", "tslib": "^2.8.1" }, "peerDependencies": { "graphql": "^15.2.0 || ^16.0.0 || ^17.0.0" } }, "sha512-NA2aQ4sZvR/bniCCLOlMG6OSZf5hPg3mUf3Phm33ObqRMZEq6WtZrj2hTcHfT2ZEFVV5FRCbcMb4NB1w7BIKaA=="],

    "hono": ["hono@4.13.12", "", {}, "sha512-6E2QDAc9Ick9Sq77ZrGS/dk2WUYni91aufTw6LJKpV7w8kW5/GxVUc650FOADOmlwg3K+f7Pun6XlV+pYmW6gw=="],

    "human-id": ["human-id@4.2.1", "", { "bin": { "human-id": "dist/cli.js" } }, "sha512-zPGsiS+dWoTZtZ4AtpA9Y+BdSFSNWvnouNlWNoUFyAM6xHOHmdCvqO3k8AIbdamCOv4gUFUVNPf6rJFfc4UiJw=="],

    "import-meta-resolve": ["import-meta-resolve@4.2.0", "", {}, "sha512-Iqv2fzaTQN28s/FwZAoFq0ZSs/7hMAHJVX+w8PZl3cY19Pxk6jFFalxQoIfW2826i/fDLXv8IiEZRIT0lDuWcg=="],

    "intl-messageformat": ["intl-messageformat@12.1.2", "", { "dependencies": { "@formatjs/fast-memoize": "3.1.7", "@formatjs/icu-messageformat-parser": "3.5.20" } }, "sha512-Y7ZnMtT/04nVJnjf1/x/AkfP5we/iN0AhckDdlFPtnetk6/VTuj2OPW5SE7steMd3UNaOtky4KJJY6jwyvWfJg=="],

    "jju": ["jju@1.4.0", "", {}, "sha512-8wb9Yw966OSxApiCt0K3yNJL8pnNeIv+OEq2YMidz4FKP6nonSRoOXc80iXY4JaN2FC11B9qsNmDsm+ZOfMROA=="],

    "jsonc-parser": ["jsonc-parser@3.3.1", "", {}, "sha512-HUgH65KyejrUFPvHFPbqOY0rsFip3Bo5wb4ngvdi1EpCYWUQDC5V+Y7mZws+DLkr4M//zQJoanu1SP+87Dv1oQ=="],

    "launch-editor": ["launch-editor@2.14.1", "", { "dependencies": { "picocolors": "^1.1.1", "shell-quote": "^1.8.4" } }, "sha512-QWBrQsMpH7gPr965dsKD/3cKWiNoTjpATQf++Xq63N6sKRGMwlVXz41O1IZTMfZQgBctD/K5Zt06+/I6pP6+HA=="],

    "lodash": ["lodash@4.18.1", "", {}, "sha512-dMInicTPVE8d1e5otfwmmjlxkZoUpiVLwyeTdUsi/Caj/gfzzblBcCE5sRHV/AsjuCmxWrte2TNGSYuCeCq+0Q=="],

    "lru-cache": ["lru-cache@10.4.3", "", {}, "sha512-JNAzZcXrCt42VGLuYz0zfAzDfAvJWW6AfYlDBQyDV5DClI2m5sAmK+OIO7s59XfsRsWHp02jAJrRadPRGTt6SQ=="],

    "package-manager-detector": ["package-manager-detector@1.8.0", "", {}, "sha512-yQA4H19AmPEoMUeavPMDIe1higySl/gH/yaQrkT/s07Qp+7pp2hYz30N3z2l5BkjVkF9Ow6o0wjJamm2y7Sn0A=="],

    "picocolors": ["picocolors@1.1.1", "", {}, "sha512-xceH2snhtb5M9liqDsmEw56le376mTZkEX/jEb/RxNFyegNul7eNslCXP9FDj/Lcu0X8KEyMceP2ntpaHrDEVA=="],

    "picomatch": ["picomatch@4.0.7", "", {}, "sha512-qcJu88Q2IWqJsDD529JKMdwGm/dvInW4HvQnRwiH9JtihJvzGOscDtHE3x1pBKeUOTysQ8kVmLnJ2kJu7yhcGA=="],

    "semver": ["semver@7.8.5", "", { "bin": { "semver": "bin/semver.js" } }, "sha512-Y7/KDsb8LjooZpwaqGyulO6DQlksgCncchHGk+sZIY4SBvUocMBEFH5Ur1fI4dV+Jvl0w6cjvucaIi40puRioA=="],

    "shell-quote": ["shell-quote@1.11.0", "", {}, "sha512-JdxDPD0DBTyu08pq0kPC0xSNet/qsU07qT6IsX1AS8oO2ICNRY4ldNa8OAI6PuwAH8tG3lxEhbqmyp4Dw4036g=="],

    "sisteransi": ["sisteransi@1.0.5", "", {}, "sha512-bLGGlR1QxBcynn2d5YmDX4MGjlZvy2MRBDRNHLJ8VI6l6+9FUiyTFNJ0IveOSP0bcXgVDPRcfGqA0pjaqUpfVg=="],

    "tinyexec": ["tinyexec@1.3.1", "", {}, "sha512-GCvB3aoys96IuDFBMcTB46JOR6mdMtAToqwiW8JlWhsoh1mhHi/xn9ss/Dg7N555GiJyEt2qzoG/NHCwM6h1EA=="],

    "tinyglobby": ["tinyglobby@0.2.17", "", { "dependencies": { "fdir": "^6.5.0", "picomatch": "^4.0.4" } }, "sha512-wXR/dYpcqKmfWpEdZjiKJOwCNFndD0DMnrW/cYjVGttEkBfVgcLFHoNrlj47mjOVic9yyNu65alsgF4NQyTa2g=="],

    "tslib": ["tslib@2.8.1", "", {}, "sha512-oJFu94HQb+KVduSUQL7wnpmqnfmLsOA/nAh6b6EH0wCEoK0/mPeXU6c3wKDV83MkOuHPRHtSXKKU99IBazS/2w=="],

    "typescript": ["typescript@6.0.3", "", { "bin": { "tsc": "bin/tsc", "tsserver": "bin/tsserver" } }, "sha512-y2TvuxSZPDyQakkFRPZHKFm+KKVqIisdg9/CZwm9ftvKXLP8NRWj38/ODjNbr43SsoXqNuAisEf1GdCxqWcdBw=="],

    "undici-types": ["undici-types@8.9.0", "", {}, "sha512-KTDyRTYX8sWmKXAikPHHSyc63CRPETMctyjKFupcC6OBLXT3xsN0e9aF7m+mIXutFWpUXuedtowG7iLOzp0kQg=="],

    "urlpattern-polyfill": ["urlpattern-polyfill@10.1.0", "", {}, "sha512-IGjKp/o0NL3Bso1PymYURCJxMPNAf/ILOpendP9f5B6e1rTJgdgiOvgfoT8VxCAdY+Wisb9uhGaJJf3yZ2V9nw=="],

    "yaml": ["yaml@2.9.1", "", { "bin": { "yaml": "bin.mjs" } }, "sha512-3NxN8+78OdzbT7C/WjGsyfPAtJaN3FNDsWxv7Y7mcDsT/oOmgW8BpyQQFFBnvZE3j9Y2Sdz1ULFLezL7Eb2yFw=="],

    "zod": ["zod@4.6.5", "", {}, "sha512-v5l/aFXZQeai4awLbOpSoHecE9UiMrnfx75tEXLjNonXVARxQ5mOeipTjROUchszUNCqnE+hqAMujRsRHsut2Q=="],

    "@graphql-tools/executor/@graphql-tools/utils": ["@graphql-tools/utils@12.0.3", "", { "dependencies": { "@graphql-typed-document-node/core": "^3.1.1", "@whatwg-node/promise-helpers": "^2.0.0", "cross-inspect": "1.0.1", "tslib": "^2.4.0" }, "peerDependencies": { "graphql": "^14.0.0 || ^15.0.0 || ^16.0.0 || ^17.0.0" } }, "sha512-M+04bHvI1SKoug7W2EkwfKjig2mdtgIIlFY8p2jLHmxPNVs5bC/3R+58JrD+7ZXWgPILWTwuqJ9AqTjPlahroA=="],

    "@graphql-tools/executor/@whatwg-node/promise-helpers": ["@whatwg-node/promise-helpers@2.0.0", "", { "dependencies": { "tslib": "^2.6.3" } }, "sha512-/i9CS0Z96o+cPwaYoAyVxAThDiUX1wV3tDmNWPJbn+vtdR+JftuCDg1NGCXBrzIYVDGkJ8uT6ctwmrBOUzOpKQ=="],

    "@graphql-tools/merge/@graphql-tools/utils": ["@graphql-tools/utils@12.0.3", "", { "dependencies": { "@graphql-typed-document-node/core": "^3.1.1", "@whatwg-node/promise-helpers": "^2.0.0", "cross-inspect": "1.0.1", "tslib": "^2.4.0" }, "peerDependencies": { "graphql": "^14.0.0 || ^15.0.0 || ^16.0.0 || ^17.0.0" } }, "sha512-M+04bHvI1SKoug7W2EkwfKjig2mdtgIIlFY8p2jLHmxPNVs5bC/3R+58JrD+7ZXWgPILWTwuqJ9AqTjPlahroA=="],

    "@graphql-tools/schema/@graphql-tools/utils": ["@graphql-tools/utils@12.0.3", "", { "dependencies": { "@graphql-typed-document-node/core": "^3.1.1", "@whatwg-node/promise-helpers": "^2.0.0", "cross-inspect": "1.0.1", "tslib": "^2.4.0" }, "peerDependencies": { "graphql": "^14.0.0 || ^15.0.0 || ^16.0.0 || ^17.0.0" } }, "sha512-M+04bHvI1SKoug7W2EkwfKjig2mdtgIIlFY8p2jLHmxPNVs5bC/3R+58JrD+7ZXWgPILWTwuqJ9AqTjPlahroA=="],

    "@whatwg-node/disposablestack/@whatwg-node/promise-helpers": ["@whatwg-node/promise-helpers@2.0.0", "", { "dependencies": { "tslib": "^2.6.3" } }, "sha512-/i9CS0Z96o+cPwaYoAyVxAThDiUX1wV3tDmNWPJbn+vtdR+JftuCDg1NGCXBrzIYVDGkJ8uT6ctwmrBOUzOpKQ=="],

    "@whatwg-node/node-fetch/@whatwg-node/disposablestack": ["@whatwg-node/disposablestack@0.0.6", "", { "dependencies": { "@whatwg-node/promise-helpers": "^1.0.0", "tslib": "^2.6.3" } }, "sha512-LOtTn+JgJvX8WfBVJtF08TGrdjuFzGJc4mkP8EdDI8ADbvO7kiexYep1o8dwnt0okb0jYclCDXF13xU7Ge4zSw=="],

    "@whatwg-node/server/@whatwg-node/disposablestack": ["@whatwg-node/disposablestack@0.0.6", "", { "dependencies": { "@whatwg-node/promise-helpers": "^1.0.0", "tslib": "^2.6.3" } }, "sha512-LOtTn+JgJvX8WfBVJtF08TGrdjuFzGJc4mkP8EdDI8ADbvO7kiexYep1o8dwnt0okb0jYclCDXF13xU7Ge4zSw=="],

    "@graphql-tools/merge/@graphql-tools/utils/@whatwg-node/promise-helpers": ["@whatwg-node/promise-helpers@2.0.0", "", { "dependencies": { "tslib": "^2.6.3" } }, "sha512-/i9CS0Z96o+cPwaYoAyVxAThDiUX1wV3tDmNWPJbn+vtdR+JftuCDg1NGCXBrzIYVDGkJ8uT6ctwmrBOUzOpKQ=="],

    "@graphql-tools/schema/@graphql-tools/utils/@whatwg-node/promise-helpers": ["@whatwg-node/promise-helpers@2.0.0", "", { "dependencies": { "tslib": "^2.6.3" } }, "sha512-/i9CS0Z96o+cPwaYoAyVxAThDiUX1wV3tDmNWPJbn+vtdR+JftuCDg1NGCXBrzIYVDGkJ8uT6ctwmrBOUzOpKQ=="],
  }
}
